// !$*UTF8*$!
{
	archiveVersion = 1;
	classes = {
	};
	objectVersion = 56;
	objects = {

/* Begin PBXBuildFile section */
		80804F0C29D1BBC800DB0A7A /* AppDelegate.swift in Sources */ = {isa = PBXBuildFile; fileRef = 80804F0B29D1BBC800DB0A7A /* AppDelegate.swift */; };
		80804F0E29D1BBC800DB0A7A /* SceneDelegate.swift in Sources */ = {isa = PBXBuildFile; fileRef = 80804F0D29D1BBC800DB0A7A /* SceneDelegate.swift */; };
		80804F1029D1BBC800DB0A7A /* StartingViewController.swift in Sources */ = {isa = PBXBuildFile; fileRef = 80804F0F29D1BBC800DB0A7A /* StartingViewController.swift */; };
		80804F1329D1BBC800DB0A7A /* Main.storyboard in Resources */ = {isa = PBXBuildFile; fileRef = 80804F1129D1BBC800DB0A7A /* Main.storyboard */; };
		80804F1529D1BBCA00DB0A7A /* Assets.xcassets in Resources */ = {isa = PBXBuildFile; fileRef = 80804F1429D1BBCA00DB0A7A /* Assets.xcassets */; };
		80804F1829D1BBCA00DB0A7A /* LaunchScreen.storyboard in Resources */ = {isa = PBXBuildFile; fileRef = 80804F1629D1BBCA00DB0A7A /* LaunchScreen.storyboard */; };
		80804F2329D1C67500DB0A7A /* ContestListViewController.swift in Sources */ = {isa = PBXBuildFile; fileRef = 80804F2229D1C67500DB0A7A /* ContestListViewController.swift */; };
		80804F2529D1C68D00DB0A7A /* ContestInfoViewController.swift in Sources */ = {isa = PBXBuildFile; fileRef = 80804F2429D1C68D00DB0A7A /* ContestInfoViewController.swift */; };
		80804F2929D1E25500DB0A7A /* Contest.swift in Sources */ = {isa = PBXBuildFile; fileRef = 80804F2829D1E25500DB0A7A /* Contest.swift */; };
		80804F2B29D1E53400DB0A7A /* NetworkManager.swift in Sources */ = {isa = PBXBuildFile; fileRef = 80804F2A29D1E53400DB0A7A /* NetworkManager.swift */; };
		80804F2E29D1E62F00DB0A7A /* Alamofire in Frameworks */ = {isa = PBXBuildFile; productRef = 80804F2D29D1E62F00DB0A7A /* Alamofire */; };
		80B2B13829D2B4D900C42CFD /* FavouriteListViewController.swift in Sources */ = {isa = PBXBuildFile; fileRef = 80B2B13729D2B4D900C42CFD /* FavouriteListViewController.swift */; };
		80B2B13A29D2B65D00C42CFD /* TabBarViewController.swift in Sources */ = {isa = PBXBuildFile; fileRef = 80B2B13929D2B65D00C42CFD /* TabBarViewController.swift */; };
/* End PBXBuildFile section */

/* Begin PBXFileReference section */
		80804F0829D1BBC800DB0A7A /* CodeContests.app */ = {isa = PBXFileReference; explicitFileType = wrapper.application; includeInIndex = 0; path = CodeContests.app; sourceTree = BUILT_PRODUCTS_DIR; };
		80804F0B29D1BBC800DB0A7A /* AppDelegate.swift */ = {isa = PBXFileReference; lastKnownFileType = sourcecode.swift; path = AppDelegate.swift; sourceTree = "<group>"; };
		80804F0D29D1BBC800DB0A7A /* SceneDelegate.swift */ = {isa = PBXFileReference; lastKnownFileType = sourcecode.swift; path = SceneDelegate.swift; sourceTree = "<group>"; };
		80804F0F29D1BBC800DB0A7A /* StartingViewController.swift */ = {isa = PBXFileReference; lastKnownFileType = sourcecode.swift; path = StartingViewController.swift; sourceTree = "<group>"; };
		80804F1229D1BBC800DB0A7A /* Base */ = {isa = PBXFileReference; lastKnownFileType = file.storyboard; name = Base; path = Base.lproj/Main.storyboard; sourceTree = "<group>"; };
		80804F1429D1BBCA00DB0A7A /* Assets.xcassets */ = {isa = PBXFileReference; lastKnownFileType = folder.assetcatalog; path = Assets.xcassets; sourceTree = "<group>"; };
		80804F1729D1BBCA00DB0A7A /* Base */ = {isa = PBXFileReference; lastKnownFileType = file.storyboard; name = Base; path = Base.lproj/LaunchScreen.storyboard; sourceTree = "<group>"; };
		80804F1929D1BBCA00DB0A7A /* Info.plist */ = {isa = PBXFileReference; lastKnownFileType = text.plist.xml; path = Info.plist; sourceTree = "<group>"; };
		80804F2229D1C67500DB0A7A /* ContestListViewController.swift */ = {isa = PBXFileReference; lastKnownFileType = sourcecode.swift; path = ContestListViewController.swift; sourceTree = "<group>"; };
		80804F2429D1C68D00DB0A7A /* ContestInfoViewController.swift */ = {isa = PBXFileReference; lastKnownFileType = sourcecode.swift; path = ContestInfoViewController.swift; sourceTree = "<group>"; };
		80804F2829D1E25500DB0A7A /* Contest.swift */ = {isa = PBXFileReference; lastKnownFileType = sourcecode.swift; path = Contest.swift; sourceTree = "<group>"; };
		80804F2A29D1E53400DB0A7A /* NetworkManager.swift */ = {isa = PBXFileReference; lastKnownFileType = sourcecode.swift; path = NetworkManager.swift; sourceTree = "<group>"; };
		80B2B13729D2B4D900C42CFD /* FavouriteListViewController.swift */ = {isa = PBXFileReference; lastKnownFileType = sourcecode.swift; path = FavouriteListViewController.swift; sourceTree = "<group>"; };
		80B2B13929D2B65D00C42CFD /* TabBarViewController.swift */ = {isa = PBXFileReference; lastKnownFileType = sourcecode.swift; path = TabBarViewController.swift; sourceTree = "<group>"; };
/* End PBXFileReference section */

/* Begin PBXFrameworksBuildPhase section */
		80804F0529D1BBC800DB0A7A /* Frameworks */ = {
			isa = PBXFrameworksBuildPhase;
			buildActionMask = 2147483647;
			files = (
				80804F2E29D1E62F00DB0A7A /* Alamofire in Frameworks */,
			);
			runOnlyForDeploymentPostprocessing = 0;
		};
/* End PBXFrameworksBuildPhase section */

/* Begin PBXGroup section */
		80804EFF29D1BBC800DB0A7A = {
			isa = PBXGroup;
			children = (
				80804F0A29D1BBC800DB0A7A /* CodeContests */,
				80804F0929D1BBC800DB0A7A /* Products */,
			);
			sourceTree = "<group>";
		};
		80804F0929D1BBC800DB0A7A /* Products */ = {
			isa = PBXGroup;
			children = (
				80804F0829D1BBC800DB0A7A /* CodeContests.app */,
			);
			name = Products;
			sourceTree = "<group>";
		};
		80804F0A29D1BBC800DB0A7A /* CodeContests */ = {
			isa = PBXGroup;
			children = (
				80804F2729D1E1B500DB0A7A /* Models */,
				80804F2629D1E1AC00DB0A7A /* Services */,
				80804F1F29D1C4B400DB0A7A /* App */,
				80804F2029D1C4BF00DB0A7A /* ViewControllers */,
				80804F2129D1C4D400DB0A7A /* Storyboards */,
				80804F1429D1BBCA00DB0A7A /* Assets.xcassets */,
			);
			path = CodeContests;
			sourceTree = "<group>";
		};
		80804F1F29D1C4B400DB0A7A /* App */ = {
			isa = PBXGroup;
			children = (
				80804F0B29D1BBC800DB0A7A /* AppDelegate.swift */,
				80804F0D29D1BBC800DB0A7A /* SceneDelegate.swift */,
				80804F1929D1BBCA00DB0A7A /* Info.plist */,
			);
			path = App;
			sourceTree = "<group>";
		};
		80804F2029D1C4BF00DB0A7A /* ViewControllers */ = {
			isa = PBXGroup;
			children = (
				80804F0F29D1BBC800DB0A7A /* StartingViewController.swift */,
				80804F2229D1C67500DB0A7A /* ContestListViewController.swift */,
				80804F2429D1C68D00DB0A7A /* ContestInfoViewController.swift */,
				80B2B13729D2B4D900C42CFD /* FavouriteListViewController.swift */,
				80B2B13929D2B65D00C42CFD /* TabBarViewController.swift */,
			);
			path = ViewControllers;
			sourceTree = "<group>";
		};
		80804F2129D1C4D400DB0A7A /* Storyboards */ = {
			isa = PBXGroup;
			children = (
				80804F1129D1BBC800DB0A7A /* Main.storyboard */,
				80804F1629D1BBCA00DB0A7A /* LaunchScreen.storyboard */,
			);
			path = Storyboards;
			sourceTree = "<group>";
		};
		80804F2629D1E1AC00DB0A7A /* Services */ = {
			isa = PBXGroup;
			children = (
				80804F2A29D1E53400DB0A7A /* NetworkManager.swift */,
			);
			path = Services;
			sourceTree = "<group>";
		};
		80804F2729D1E1B500DB0A7A /* Models */ = {
			isa = PBXGroup;
			children = (
				80804F2829D1E25500DB0A7A /* Contest.swift */,
			);
			path = Models;
			sourceTree = "<group>";
		};
/* End PBXGroup section */

/* Begin PBXNativeTarget section */
		80804F0729D1BBC800DB0A7A /* CodeContests */ = {
			isa = PBXNativeTarget;
			buildConfigurationList = 80804F1C29D1BBCA00DB0A7A /* Build configuration list for PBXNativeTarget "CodeContests" */;
			buildPhases = (
				80804F0429D1BBC800DB0A7A /* Sources */,
				80804F0529D1BBC800DB0A7A /* Frameworks */,
				80804F0629D1BBC800DB0A7A /* Resources */,
			);
			buildRules = (
			);
			dependencies = (
			);
			name = CodeContests;
			packageProductDependencies = (
				80804F2D29D1E62F00DB0A7A /* Alamofire */,
			);
			productName = CodeContests;
			productReference = 80804F0829D1BBC800DB0A7A /* CodeContests.app */;
			productType = "com.apple.product-type.application";
		};
/* End PBXNativeTarget section */

/* Begin PBXProject section */
		80804F0029D1BBC800DB0A7A /* Project object */ = {
			isa = PBXProject;
			attributes = {
				BuildIndependentTargetsInParallel = 1;
				LastSwiftUpdateCheck = 1420;
				LastUpgradeCheck = 1420;
				TargetAttributes = {
					80804F0729D1BBC800DB0A7A = {
						CreatedOnToolsVersion = 14.2;
					};
				};
			};
			buildConfigurationList = 80804F0329D1BBC800DB0A7A /* Build configuration list for PBXProject "CodeContests" */;
			compatibilityVersion = "Xcode 14.0";
			developmentRegion = en;
			hasScannedForEncodings = 0;
			knownRegions = (
				en,
				Base,
			);
			mainGroup = 80804EFF29D1BBC800DB0A7A;
			packageReferences = (
				80804F2C29D1E62F00DB0A7A /* XCRemoteSwiftPackageReference "Alamofire" */,
			);
			productRefGroup = 80804F0929D1BBC800DB0A7A /* Products */;
			projectDirPath = "";
			projectRoot = "";
			targets = (
				80804F0729D1BBC800DB0A7A /* CodeContests */,
			);
		};
/* End PBXProject section */

/* Begin PBXResourcesBuildPhase section */
		80804F0629D1BBC800DB0A7A /* Resources */ = {
			isa = PBXResourcesBuildPhase;
			buildActionMask = 2147483647;
			files = (
				80804F1829D1BBCA00DB0A7A /* LaunchScreen.storyboard in Resources */,
				80804F1529D1BBCA00DB0A7A /* Assets.xcassets in Resources */,
				80804F1329D1BBC800DB0A7A /* Main.storyboard in Resources */,
			);
			runOnlyForDeploymentPostprocessing = 0;
		};
/* End PBXResourcesBuildPhase section */

/* Begin PBXSourcesBuildPhase section */
		80804F0429D1BBC800DB0A7A /* Sources */ = {
			isa = PBXSourcesBuildPhase;
			buildActionMask = 2147483647;
			files = (
				80804F1029D1BBC800DB0A7A /* StartingViewController.swift in Sources */,
				80804F2329D1C67500DB0A7A /* ContestListViewController.swift in Sources */,
				80804F2929D1E25500DB0A7A /* Contest.swift in Sources */,
				80804F2B29D1E53400DB0A7A /* NetworkManager.swift in Sources */,
				80B2B13A29D2B65D00C42CFD /* TabBarViewController.swift in Sources */,
				80B2B13829D2B4D900C42CFD /* FavouriteListViewController.swift in Sources */,
				80804F0C29D1BBC800DB0A7A /* AppDelegate.swift in Sources */,
				80804F2529D1C68D00DB0A7A /* ContestInfoViewController.swift in Sources */,
				80804F0E29D1BBC800DB0A7A /* SceneDelegate.swift in Sources */,
			);
			runOnlyForDeploymentPostprocessing = 0;
		};
/* End PBXSourcesBuildPhase section */

/* Begin PBXVariantGroup section */
		80804F1129D1BBC800DB0A7A /* Main.storyboard */ = {
			isa = PBXVariantGroup;
			children = (
				80804F1229D1BBC800DB0A7A /* Base */,
			);
			name = Main.storyboard;
			sourceTree = "<group>";
		};
		80804F1629D1BBCA00DB0A7A /* LaunchScreen.storyboard */ = {
			isa = PBXVariantGroup;
			children = (
				80804F1729D1BBCA00DB0A7A /* Base */,
			);
			name = LaunchScreen.storyboard;
			sourceTree = "<group>";
		};
/* End PBXVariantGroup section */

/* Begin XCBuildConfiguration section */
		80804F1A29D1BBCA00DB0A7A /* Debug */ = {
			isa = XCBuildConfiguration;
			buildSettings = {
				ALWAYS_SEARCH_USER_PATHS = NO;
				CLANG_ANALYZER_NONNULL = YES;
				CLANG_ANALYZER_NUMBER_OBJECT_CONVERSION = YES_AGGRESSIVE;
				CLANG_CXX_LANGUAGE_STANDARD = "gnu++20";
				CLANG_ENABLE_MODULES = YES;
				CLANG_ENABLE_OBJC_ARC = YES;
				CLANG_ENABLE_OBJC_WEAK = YES;
				CLANG_WARN_BLOCK_CAPTURE_AUTORELEASING = YES;
				CLANG_WARN_BOOL_CONVERSION = YES;
				CLANG_WARN_COMMA = YES;
				CLANG_WARN_CONSTANT_CONVERSION = YES;
				CLANG_WARN_DEPRECATED_OBJC_IMPLEMENTATIONS = YES;
				CLANG_WARN_DIRECT_OBJC_ISA_USAGE = YES_ERROR;
				CLANG_WARN_DOCUMENTATION_COMMENTS = YES;
				CLANG_WARN_EMPTY_BODY = YES;
				CLANG_WARN_ENUM_CONVERSION = YES;
				CLANG_WARN_INFINITE_RECURSION = YES;
				CLANG_WARN_INT_CONVERSION = YES;
				CLANG_WARN_NON_LITERAL_NULL_CONVERSION = YES;
				CLANG_WARN_OBJC_IMPLICIT_RETAIN_SELF = YES;
				CLANG_WARN_OBJC_LITERAL_CONVERSION = YES;
				CLANG_WARN_OBJC_ROOT_CLASS = YES_ERROR;
				CLANG_WARN_QUOTED_INCLUDE_IN_FRAMEWORK_HEADER = YES;
				CLANG_WARN_RANGE_LOOP_ANALYSIS = YES;
				CLANG_WARN_STRICT_PROTOTYPES = YES;
				CLANG_WARN_SUSPICIOUS_MOVE = YES;
				CLANG_WARN_UNGUARDED_AVAILABILITY = YES_AGGRESSIVE;
				CLANG_WARN_UNREACHABLE_CODE = YES;
				CLANG_WARN__DUPLICATE_METHOD_MATCH = YES;
				COPY_PHASE_STRIP = NO;
				DEBUG_INFORMATION_FORMAT = dwarf;
				ENABLE_STRICT_OBJC_MSGSEND = YES;
				ENABLE_TESTABILITY = YES;
				GCC_C_LANGUAGE_STANDARD = gnu11;
				GCC_DYNAMIC_NO_PIC = NO;
				GCC_NO_COMMON_BLOCKS = YES;
				GCC_OPTIMIZATION_LEVEL = 0;
				GCC_PREPROCESSOR_DEFINITIONS = (
					"DEBUG=1",
					"$(inherited)",
				);
				GCC_WARN_64_TO_32_BIT_CONVERSION = YES;
				GCC_WARN_ABOUT_RETURN_TYPE = YES_ERROR;
				GCC_WARN_UNDECLARED_SELECTOR = YES;
				GCC_WARN_UNINITIALIZED_AUTOS = YES_AGGRESSIVE;
				GCC_WARN_UNUSED_FUNCTION = YES;
				GCC_WARN_UNUSED_VARIABLE = YES;
				IPHONEOS_DEPLOYMENT_TARGET = 16.2;
				MTL_ENABLE_DEBUG_INFO = INCLUDE_SOURCE;
				MTL_FAST_MATH = YES;
				ONLY_ACTIVE_ARCH = YES;
				SDKROOT = iphoneos;
				SWIFT_ACTIVE_COMPILATION_CONDITIONS = DEBUG;
				SWIFT_OPTIMIZATION_LEVEL = "-Onone";
			};
			name = Debug;
		};
		80804F1B29D1BBCA00DB0A7A /* Release */ = {
			isa = XCBuildConfiguration;
			buildSettings = {
				ALWAYS_SEARCH_USER_PATHS = NO;
				CLANG_ANALYZER_NONNULL = YES;
				CLANG_ANALYZER_NUMBER_OBJECT_CONVERSION = YES_AGGRESSIVE;
				CLANG_CXX_LANGUAGE_STANDARD = "gnu++20";
				CLANG_ENABLE_MODULES = YES;
				CLANG_ENABLE_OBJC_ARC = YES;
				CLANG_ENABLE_OBJC_WEAK = YES;
				CLANG_WARN_BLOCK_CAPTURE_AUTORELEASING = YES;
				CLANG_WARN_BOOL_CONVERSION = YES;
				CLANG_WARN_COMMA = YES;
				CLANG_WARN_CONSTANT_CONVERSION = YES;
				CLANG_WARN_DEPRECATED_OBJC_IMPLEMENTATIONS = YES;
				CLANG_WARN_DIRECT_OBJC_ISA_USAGE = YES_ERROR;
				CLANG_WARN_DOCUMENTATION_COMMENTS = YES;
				CLANG_WARN_EMPTY_BODY = YES;
				CLANG_WARN_ENUM_CONVERSION = YES;
				CLANG_WARN_INFINITE_RECURSION = YES;
				CLANG_WARN_INT_CONVERSION = YES;
				CLANG_WARN_NON_LITERAL_NULL_CONVERSION = YES;
				CLANG_WARN_OBJC_IMPLICIT_RETAIN_SELF = YES;
				CLANG_WARN_OBJC_LITERAL_CONVERSION = YES;
				CLANG_WARN_OBJC_ROOT_CLASS = YES_ERROR;
				CLANG_WARN_QUOTED_INCLUDE_IN_FRAMEWORK_HEADER = YES;
				CLANG_WARN_RANGE_LOOP_ANALYSIS = YES;
				CLANG_WARN_STRICT_PROTOTYPES = YES;
				CLANG_WARN_SUSPICIOUS_MOVE = YES;
				CLANG_WARN_UNGUARDED_AVAILABILITY = YES_AGGRESSIVE;
				CLANG_WARN_UNREACHABLE_CODE = YES;
				CLANG_WARN__DUPLICATE_METHOD_MATCH = YES;
				COPY_PHASE_STRIP = NO;
				DEBUG_INFORMATION_FORMAT = "dwarf-with-dsym";
				ENABLE_NS_ASSERTIONS = NO;
				ENABLE_STRICT_OBJC_MSGSEND = YES;
				GCC_C_LANGUAGE_STANDARD = gnu11;
				GCC_NO_COMMON_BLOCKS = YES;
				GCC_WARN_64_TO_32_BIT_CONVERSION = YES;
				GCC_WARN_ABOUT_RETURN_TYPE = YES_ERROR;
				GCC_WARN_UNDECLARED_SELECTOR = YES;
				GCC_WARN_UNINITIALIZED_AUTOS = YES_AGGRESSIVE;
				GCC_WARN_UNUSED_FUNCTION = YES;
				GCC_WARN_UNUSED_VARIABLE = YES;
				IPHONEOS_DEPLOYMENT_TARGET = 16.2;
				MTL_ENABLE_DEBUG_INFO = NO;
				MTL_FAST_MATH = YES;
				SDKROOT = iphoneos;
				SWIFT_COMPILATION_MODE = wholemodule;
				SWIFT_OPTIMIZATION_LEVEL = "-O";
				VALIDATE_PRODUCT = YES;
			};
			name = Release;
		};
		80804F1D29D1BBCA00DB0A7A /* Debug */ = {
			isa = XCBuildConfiguration;
			buildSettings = {
				ASSETCATALOG_COMPILER_APPICON_NAME = AppIcon;
				ASSETCATALOG_COMPILER_GLOBAL_ACCENT_COLOR_NAME = AccentColor;
				CODE_SIGN_STYLE = Automatic;
				CURRENT_PROJECT_VERSION = 1;
				DEVELOPMENT_TEAM = 7VP863SW97;
				GENERATE_INFOPLIST_FILE = YES;
				INFOPLIST_FILE = CodeContests/App/Info.plist;
				INFOPLIST_KEY_UIApplicationSupportsIndirectInputEvents = YES;
				INFOPLIST_KEY_UILaunchStoryboardName = LaunchScreen;
				INFOPLIST_KEY_UIMainStoryboardFile = Main;
				INFOPLIST_KEY_UISupportedInterfaceOrientations_iPad = "UIInterfaceOrientationPortrait UIInterfaceOrientationPortraitUpsideDown UIInterfaceOrientationLandscapeLeft UIInterfaceOrientationLandscapeRight";
				INFOPLIST_KEY_UISupportedInterfaceOrientations_iPhone = "UIInterfaceOrientationPortrait UIInterfaceOrientationLandscapeLeft UIInterfaceOrientationLandscapeRight";
				LD_RUNPATH_SEARCH_PATHS = (
					"$(inherited)",
					"@executable_path/Frameworks",
				);
				MARKETING_VERSION = 1.0;
				PRODUCT_BUNDLE_IDENTIFIER = co.bektemur.CodeContests;
				PRODUCT_NAME = "$(TARGET_NAME)";
				SWIFT_EMIT_LOC_STRINGS = YES;
				SWIFT_VERSION = 5.0;
				TARGETED_DEVICE_FAMILY = "1,2";
			};
			name = Debug;
		};
		80804F1E29D1BBCA00DB0A7A /* Release */ = {
			isa = XCBuildConfiguration;
			buildSettings = {
				ASSETCATALOG_COMPILER_APPICON_NAME = AppIcon;
				ASSETCATALOG_COMPILER_GLOBAL_ACCENT_COLOR_NAME = AccentColor;
				CODE_SIGN_STYLE = Automatic;
				CURRENT_PROJECT_VERSION = 1;
				DEVELOPMENT_TEAM = 7VP863SW97;
				GENERATE_INFOPLIST_FILE = YES;
				INFOPLIST_FILE = CodeContests/App/Info.plist;
				INFOPLIST_KEY_UIApplicationSupportsIndirectInputEvents = YES;
				INFOPLIST_KEY_UILaunchStoryboardName = LaunchScreen;
				INFOPLIST_KEY_UIMainStoryboardFile = Main;
				INFOPLIST_KEY_UISupportedInterfaceOrientations_iPad = "UIInterfaceOrientationPortrait UIInterfaceOrientationPortraitUpsideDown UIInterfaceOrientationLandscapeLeft UIInterfaceOrientationLandscapeRight";
				INFOPLIST_KEY_UISupportedInterfaceOrientations_iPhone = "UIInterfaceOrientationPortrait UIInterfaceOrientationLandscapeLeft UIInterfaceOrientationLandscapeRight";
				LD_RUNPATH_SEARCH_PATHS = (
					"$(inherited)",
					"@executable_path/Frameworks",
				);
				MARKETING_VERSION = 1.0;
				PRODUCT_BUNDLE_IDENTIFIER = co.bektemur.CodeContests;
				PRODUCT_NAME = "$(TARGET_NAME)";
				SWIFT_EMIT_LOC_STRINGS = YES;
				SWIFT_VERSION = 5.0;
				TARGETED_DEVICE_FAMILY = "1,2";
			};
			name = Release;
		};
/* End XCBuildConfiguration section */

/* Begin XCConfigurationList section */
		80804F0329D1BBC800DB0A7A /* Build configuration list for PBXProject "CodeContests" */ = {
			isa = XCConfigurationList;
			buildConfigurations = (
				80804F1A29D1BBCA00DB0A7A /* Debug */,
				80804F1B29D1BBCA00DB0A7A /* Release */,
			);
			defaultConfigurationIsVisible = 0;
			defaultConfigurationName = Release;
		};
		80804F1C29D1BBCA00DB0A7A /* Build configuration list for PBXNativeTarget "CodeContests" */ = {
			isa = XCConfigurationList;
			buildConfigurations = (
				80804F1D29D1BBCA00DB0A7A /* Debug */,
				80804F1E29D1BBCA00DB0A7A /* Release */,
			);
			defaultConfigurationIsVisible = 0;
			defaultConfigurationName = Release;
		};
/* End XCConfigurationList section */

/* Begin XCRemoteSwiftPackageReference section */
		80804F2C29D1E62F00DB0A7A /* XCRemoteSwiftPackageReference "Alamofire" */ = {
			isa = XCRemoteSwiftPackageReference;
			repositoryURL = "https://github.com/Alamofire/Alamofire.git";
			requirement = {
				branch = master;
				kind = branch;
			};
		};
/* End XCRemoteSwiftPackageReference section */

/* Begin XCSwiftPackageProductDependency section */
		80804F2D29D1E62F00DB0A7A /* Alamofire */ = {
			isa = XCSwiftPackageProductDependency;
			package = 80804F2C29D1E62F00DB0A7A /* XCRemoteSwiftPackageReference "Alamofire" */;
			productName = Alamofire;
		};
/* End XCSwiftPackageProductDependency section */
	};
	rootObject = 80804F0029D1BBC800DB0A7A /* Project object */;
}
